
Microsoft Visual Studio Solution File, Format Version 12.00
# Visual Studio Version 16
VisualStudioVersion = 16.0.31112.23
MinimumVisualStudioVersion = 10.0.40219.1
Project("{FAE04EC0-301F-11D3-BF4B-00C04F79EFBC}") = "MVVMCore", "MVVMCore\MVVMCore.csproj", "{FB05AEB3-4023-4A6E-9078-3BBD498CE7F2}"
EndProject
Global
	GlobalSection(SolutionConfigurationPlatforms) = preSolution
		Debug|Any CPU = Debug|Any CPU
		Release|Any CPU = Release|Any CPU
	EndGlobalSection
	GlobalSection(ProjectConfigurationPlatforms) = postSolution
		{FB05AEB3-4023-4A6E-9078-3BBD498CE7F2}.Debug|Any CPU.ActiveCfg = Debug|Any CPU
		{FB05AEB3-4023-4A6E-9078-3BBD498CE7F2}.Debug|Any CPU.Build.0 = Debug|Any CPU
		{FB05AEB3-4023-4A6E-9078-3BBD498CE7F2}.Release|Any CPU.ActiveCfg = Release|Any CPU
		{FB05AEB3-4023-4A6E-9078-3BBD498CE7F2}.Release|Any CPU.Build.0 = Release|Any CPU
	EndGlobalSection
	GlobalSection(SolutionProperties) = preSolution
		HideSolutionNode = FALSE
	EndGlobalSection
	GlobalSection(ExtensibilityGlobals) = postSolution
		SolutionGuid = {C5F51BDC-09A1-4AA6-9C70-42C7277218C8}
	EndGlobalSection
EndGlobal
